// !$*UTF8*$!
{
	archiveVersion = 1;
	classes = {
	};
	objectVersion = 46;
	objects = {

/* Begin PBXBuildFile section */
		2F834C611E6F764F00B5FFDB /* AppDelegate.swift in Sources */ = {isa = PBXBuildFile; fileRef = 2F834C601E6F764F00B5FFDB /* AppDelegate.swift */; };
		2F834C631E6F764F00B5FFDB /* ViewController.swift in Sources */ = {isa = PBXBuildFile; fileRef = 2F834C621E6F764F00B5FFDB /* ViewController.swift */; };
		2F834C661E6F764F00B5FFDB /* Main.storyboard in Resources */ = {isa = PBXBuildFile; fileRef = 2F834C641E6F764F00B5FFDB /* Main.storyboard */; };
		2F834C691E6F764F00B5FFDB /* coremort.xcdatamodeld in Sources */ = {isa = PBXBuildFile; fileRef = 2F834C671E6F764F00B5FFDB /* coremort.xcdatamodeld */; };
		2F834C6B1E6F764F00B5FFDB /* Assets.xcassets in Resources */ = {isa = PBXBuildFile; fileRef = 2F834C6A1E6F764F00B5FFDB /* Assets.xcassets */; };
		2F834C6E1E6F764F00B5FFDB /* LaunchScreen.storyboard in Resources */ = {isa = PBXBuildFile; fileRef = 2F834C6C1E6F764F00B5FFDB /* LaunchScreen.storyboard */; };
/* End PBXBuildFile section */

/* Begin PBXFileReference section */
		2F834C5D1E6F764F00B5FFDB /* coremort.app */ = {isa = PBXFileReference; explicitFileType = wrapper.application; includeInIndex = 0; path = coremort.app; sourceTree = BUILT_PRODUCTS_DIR; };
		2F834C601E6F764F00B5FFDB /* AppDelegate.swift */ = {isa = PBXFileReference; lastKnownFileType = sourcecode.swift; path = AppDelegate.swift; sourceTree = "<group>"; };
		2F834C621E6F764F00B5FFDB /* ViewController.swift */ = {isa = PBXFileReference; lastKnownFileType = sourcecode.swift; path = ViewController.swift; sourceTree = "<group>"; };
		2F834C651E6F764F00B5FFDB /* Base */ = {isa = PBXFileReference; lastKnownFileType = file.storyboard; name = Base; path = Base.lproj/Main.storyboard; sourceTree = "<group>"; };
		2F834C681E6F764F00B5FFDB /* coremort.xcdatamodel */ = {isa = PBXFileReference; lastKnownFileType = wrapper.xcdatamodel; path = coremort.xcdatamodel; sourceTree = "<group>"; };
		2F834C6A1E6F764F00B5FFDB /* Assets.xcassets */ = {isa = PBXFileReference; lastKnownFileType = folder.assetcatalog; path = Assets.xcassets; sourceTree = "<group>"; };
		2F834C6D1E6F764F00B5FFDB /* Base */ = {isa = PBXFileReference; lastKnownFileType = file.storyboard; name = Base; path = Base.lproj/LaunchScreen.storyboard; sourceTree = "<group>"; };
		2F834C6F1E6F764F00B5FFDB /* Info.plist */ = {isa = PBXFileReference; lastKnownFileType = text.plist.xml; path = Info.plist; sourceTree = "<group>"; };
/* End PBXFileReference section */

/* Begin PBXFrameworksBuildPhase section */
		2F834C5A1E6F764E00B5FFDB /* Frameworks */ = {
			isa = PBXFrameworksBuildPhase;
			buildActionMask = 2147483647;
			files = (
			);
			runOnlyForDeploymentPostprocessing = 0;
		};
/* End PBXFrameworksBuildPhase section */

/* Begin PBXGroup section */
		2F834C541E6F764E00B5FFDB = {
			isa = PBXGroup;
			children = (
				2F834C5F1E6F764F00B5FFDB /* coremort */,
				2F834C5E1E6F764F00B5FFDB /* Products */,
			);
			sourceTree = "<group>";
		};
		2F834C5E1E6F764F00B5FFDB /* Products */ = {
			isa = PBXGroup;
			children = (
				2F834C5D1E6F764F00B5FFDB /* coremort.app */,
			);
			name = Products;
			sourceTree = "<group>";
		};
		2F834C5F1E6F764F00B5FFDB /* coremort */ = {
			isa = PBXGroup;
			children = (
				2F834C601E6F764F00B5FFDB /* AppDelegate.swift */,
				2F834C621E6F764F00B5FFDB /* ViewController.swift */,
				2F834C641E6F764F00B5FFDB /* Main.storyboard */,
				2F834C6A1E6F764F00B5FFDB /* Assets.xcassets */,
				2F834C6C1E6F764F00B5FFDB /* LaunchScreen.storyboard */,
				2F834C6F1E6F764F00B5FFDB /* Info.plist */,
				2F834C671E6F764F00B5FFDB /* coremort.xcdatamodeld */,
			);
			path = coremort;
			sourceTree = "<group>";
		};
/* End PBXGroup section */

/* Begin PBXNativeTarget section */
		2F834C5C1E6F764E00B5FFDB /* coremort */ = {
			isa = PBXNativeTarget;
			buildConfigurationList = 2F834C721E6F764F00B5FFDB /* Build configuration list for PBXNativeTarget "coremort" */;
			buildPhases = (
				2F834C591E6F764E00B5FFDB /* Sources */,
				2F834C5A1E6F764E00B5FFDB /* Frameworks */,
				2F834C5B1E6F764E00B5FFDB /* Resources */,
			);
			buildRules = (
			);
			dependencies = (
			);
			name = coremort;
			productName = coremort;
			productReference = 2F834C5D1E6F764F00B5FFDB /* coremort.app */;
			productType = "com.apple.product-type.application";
		};
/* End PBXNativeTarget section */

/* Begin PBXProject section */
		2F834C551E6F764E00B5FFDB /* Project object */ = {
			isa = PBXProject;
			attributes = {
				LastSwiftUpdateCheck = 0820;
				LastUpgradeCheck = 0820;
				ORGANIZATIONNAME = "Kameron Haramoto";
				TargetAttributes = {
					2F834C5C1E6F764E00B5FFDB = {
						CreatedOnToolsVersion = 8.2.1;
						ProvisioningStyle = Automatic;
						SystemCapabilities = {
							com.apple.BackgroundModes = {
								enabled = 0;
							};
						};
					};
				};
			};
			buildConfigurationList = 2F834C581E6F764E00B5FFDB /* Build configuration list for PBXProject "coremort" */;
			compatibilityVersion = "Xcode 3.2";
			developmentRegion = English;
			hasScannedForEncodings = 0;
			knownRegions = (
				en,
				Base,
			);
			mainGroup = 2F834C541E6F764E00B5FFDB;
			productRefGroup = 2F834C5E1E6F764F00B5FFDB /* Products */;
			projectDirPath = "";
			projectRoot = "";
			targets = (
				2F834C5C1E6F764E00B5FFDB /* coremort */,
			);
		};
/* End PBXProject section */

/* Begin PBXResourcesBuildPhase section */
		2F834C5B1E6F764E00B5FFDB /* Resources */ = {
			isa = PBXResourcesBuildPhase;
			buildActionMask = 2147483647;
			files = (
				2F834C6E1E6F764F00B5FFDB /* LaunchScreen.storyboard in Resources */,
				2F834C6B1E6F764F00B5FFDB /* Assets.xcassets in Resources */,
				2F834C661E6F764F00B5FFDB /* Main.storyboard in Resources */,
			);
			runOnlyForDeploymentPostprocessing = 0;
		};
/* End PBXResourcesBuildPhase section */

/* Begin PBXSourcesBuildPhase section */
		2F834C591E6F764E00B5FFDB /* Sources */ = {
			isa = PBXSourcesBuildPhase;
			buildActionMask = 2147483647;
			files = (
				2F834C691E6F764F00B5FFDB /* coremort.xcdatamodeld in Sources */,
				2F834C631E6F764F00B5FFDB /* ViewController.swift in Sources */,
				2F834C611E6F764F00B5FFDB /* AppDelegate.swift in Sources */,
			);
			runOnlyForDeploymentPostprocessing = 0;
		};
/* End PBXSourcesBuildPhase section */

/* Begin PBXVariantGroup section */
		2F834C641E6F764F00B5FFDB /* Main.storyboard */ = {
			isa = PBXVariantGroup;
			children = (
				2F834C651E6F764F00B5FFDB /* Base */,
			);
			name = Main.storyboard;
			sourceTree = "<group>";
		};
		2F834C6C1E6F764F00B5FFDB /* LaunchScreen.storyboard */ = {
			isa = PBXVariantGroup;
			children = (
				2F834C6D1E6F764F00B5FFDB /* Base */,
			);
			name = LaunchScreen.storyboard;
			sourceTree = "<group>";
		};
/* End PBXVariantGroup section */

/* Begin XCBuildConfiguration section */
		2F834C701E6F764F00B5FFDB /* Debug */ = {
			isa = XCBuildConfiguration;
			buildSettings = {
				ALWAYS_SEARCH_USER_PATHS = NO;
				CLANG_ANALYZER_NONNULL = YES;
				CLANG_CXX_LANGUAGE_STANDARD = "gnu++0x";
				CLANG_CXX_LIBRARY = "libc++";
				CLANG_ENABLE_MODULES = YES;
				CLANG_ENABLE_OBJC_ARC = YES;
				CLANG_WARN_BOOL_CONVERSION = YES;
				CLANG_WARN_CONSTANT_CONVERSION = YES;
				CLANG_WARN_DIRECT_OBJC_ISA_USAGE = YES_ERROR;
				CLANG_WARN_DOCUMENTATION_COMMENTS = YES;
				CLANG_WARN_EMPTY_BODY = YES;
				CLANG_WARN_ENUM_CONVERSION = YES;
				CLANG_WARN_INFINITE_RECURSION = YES;
				CLANG_WARN_INT_CONVERSION = YES;
				CLANG_WARN_OBJC_ROOT_CLASS = YES_ERROR;
				CLANG_WARN_SUSPICIOUS_MOVE = YES;
				CLANG_WARN_UNREACHABLE_CODE = YES;
				CLANG_WARN__DUPLICATE_METHOD_MATCH = YES;
				"CODE_SIGN_IDENTITY[sdk=iphoneos*]" = "iPhone Developer";
				COPY_PHASE_STRIP = NO;
				DEBUG_INFORMATION_FORMAT = dwarf;
				ENABLE_STRICT_OBJC_MSGSEND = YES;
				ENABLE_TESTABILITY = YES;
				GCC_C_LANGUAGE_STANDARD = gnu99;
				GCC_DYNAMIC_NO_PIC = NO;
				GCC_NO_COMMON_BLOCKS = YES;
				GCC_OPTIMIZATION_LEVEL = 0;
				GCC_PREPROCESSOR_DEFINITIONS = (
					"DEBUG=1",
					"$(inherited)",
				);
				GCC_WARN_64_TO_32_BIT_CONVERSION = YES;
				GCC_WARN_ABOUT_RETURN_TYPE = YES_ERROR;
				GCC_WARN_UNDECLARED_SELECTOR = YES;
				GCC_WARN_UNINITIALIZED_AUTOS = YES_AGGRESSIVE;
				GCC_WARN_UNUSED_FUNCTION = YES;
				GCC_WARN_UNUSED_VARIABLE = YES;
				IPHONEOS_DEPLOYMENT_TARGET = 10.2;
				MTL_ENABLE_DEBUG_INFO = YES;
				ONLY_ACTIVE_ARCH = YES;
				SDKROOT = iphoneos;
				SWIFT_ACTIVE_COMPILATION_CONDITIONS = DEBUG;
				SWIFT_OPTIMIZATION_LEVEL = "-Onone";
				TARGETED_DEVICE_FAMILY = "1,2";
			};
			name = Debug;
		};
		2F834C711E6F764F00B5FFDB /* Release */ = {
			isa = XCBuildConfiguration;
			buildSettings = {
				ALWAYS_SEARCH_USER_PATHS = NO;
				CLANG_ANALYZER_NONNULL = YES;
				CLANG_CXX_LANGUAGE_STANDARD = "gnu++0x";
				CLANG_CXX_LIBRARY = "libc++";
				CLANG_ENABLE_MODULES = YES;
				CLANG_ENABLE_OBJC_ARC = YES;
				CLANG_WARN_BOOL_CONVERSION = YES;
				CLANG_WARN_CONSTANT_CONVERSION = YES;
				CLANG_WARN_DIRECT_OBJC_ISA_USAGE = YES_ERROR;
				CLANG_WARN_DOCUMENTATION_COMMENTS = YES;
				CLANG_WARN_EMPTY_BODY = YES;
				CLANG_WARN_ENUM_CONVERSION = YES;
				CLANG_WARN_INFINITE_RECURSION = YES;
				CLANG_WARN_INT_CONVERSION = YES;
				CLANG_WARN_OBJC_ROOT_CLASS = YES_ERROR;
				CLANG_WARN_SUSPICIOUS_MOVE = YES;
				CLANG_WARN_UNREACHABLE_CODE = YES;
				CLANG_WARN__DUPLICATE_METHOD_MATCH = YES;
				"CODE_SIGN_IDENTITY[sdk=iphoneos*]" = "iPhone Developer";
				COPY_PHASE_STRIP = NO;
				DEBUG_INFORMATION_FORMAT = "dwarf-with-dsym";
				ENABLE_NS_ASSERTIONS = NO;
				ENABLE_STRICT_OBJC_MSGSEND = YES;
				GCC_C_LANGUAGE_STANDARD = gnu99;
				GCC_NO_COMMON_BLOCKS = YES;
				GCC_WARN_64_TO_32_BIT_CONVERSION = YES;
				GCC_WARN_ABOUT_RETURN_TYPE = YES_ERROR;
				GCC_WARN_UNDECLARED_SELECTOR = YES;
				GCC_WARN_UNINITIALIZED_AUTOS = YES_AGGRESSIVE;
				GCC_WARN_UNUSED_FUNCTION = YES;
				GCC_WARN_UNUSED_VARIABLE = YES;
				IPHONEOS_DEPLOYMENT_TARGET = 10.2;
				MTL_ENABLE_DEBUG_INFO = NO;
				SDKROOT = iphoneos;
				SWIFT_OPTIMIZATION_LEVEL = "-Owholemodule";
				TARGETED_DEVICE_FAMILY = "1,2";
				VALIDATE_PRODUCT = YES;
			};
			name = Release;
		};
		2F834C731E6F764F00B5FFDB /* Debug */ = {
			isa = XCBuildConfiguration;
			buildSettings = {
				ASSETCATALOG_COMPILER_APPICON_NAME = AppIcon;
				INFOPLIST_FILE = coremort/Info.plist;
				LD_RUNPATH_SEARCH_PATHS = "$(inherited) @executable_path/Frameworks";
				PRODUCT_BUNDLE_IDENTIFIER = maga.coremort;
				PRODUCT_NAME = "$(TARGET_NAME)";
				SWIFT_VERSION = 3.0;
			};
			name = Debug;
		};
		2F834C741E6F764F00B5FFDB /* Release */ = {
			isa = XCBuildConfiguration;
			buildSettings = {
				ASSETCATALOG_COMPILER_APPICON_NAME = AppIcon;
				INFOPLIST_FILE = coremort/Info.plist;
				LD_RUNPATH_SEARCH_PATHS = "$(inherited) @executable_path/Frameworks";
				PRODUCT_BUNDLE_IDENTIFIER = maga.coremort;
				PRODUCT_NAME = "$(TARGET_NAME)";
				SWIFT_VERSION = 3.0;
			};
			name = Release;
		};
/* End XCBuildConfiguration section */

/* Begin XCConfigurationList section */
		2F834C581E6F764E00B5FFDB /* Build configuration list for PBXProject "coremort" */ = {
			isa = XCConfigurationList;
			buildConfigurations = (
				2F834C701E6F764F00B5FFDB /* Debug */,
				2F834C711E6F764F00B5FFDB /* Release */,
			);
			defaultConfigurationIsVisible = 0;
			defaultConfigurationName = Release;
		};
		2F834C721E6F764F00B5FFDB /* Build configuration list for PBXNativeTarget "coremort" */ = {
			isa = XCConfigurationList;
			buildConfigurations = (
				2F834C731E6F764F00B5FFDB /* Debug */,
				2F834C741E6F764F00B5FFDB /* Release */,
			);
			defaultConfigurationIsVisible = 0;
		};
/* End XCConfigurationList section */

/* Begin XCVersionGroup section */
		2F834C671E6F764F00B5FFDB /* coremort.xcdatamodeld */ = {
			isa = XCVersionGroup;
			children = (
				2F834C681E6F764F00B5FFDB /* coremort.xcdatamodel */,
			);
			currentVersion = 2F834C681E6F764F00B5FFDB /* coremort.xcdatamodel */;
			path = coremort.xcdatamodeld;
			sourceTree = "<group>";
			versionGroupType = wrapper.xcdatamodel;
		};
/* End XCVersionGroup section */
	};
	rootObject = 2F834C551E6F764E00B5FFDB /* Project object */;
}
